<?xml version="1.0" encoding="utf-8"?>
<Project ToolsVersion="4.0" xmlns="http://schemas.microsoft.com/developer/msbuild/2003">
  <ItemGroup>
    <Filter Include="Source Files">
      <UniqueIdentifier>{4FC737F1-C7A5-4376-A066-2A32D752A2FF}</UniqueIdentifier>
      <Extensions>cpp;c;cc;cxx;def;odl;idl;hpj;bat;asm;asmx</Extensions>
    </Filter>
    <Filter Include="Header Files">
      <UniqueIdentifier>{93995380-89BD-4b04-88EB-625FBE52EBFB}</UniqueIdentifier>
      <Extensions>h;hh;hpp;hxx;hm;inl;inc;xsd</Extensions>
    </Filter>
    <Filter Include="Resource Files">
      <UniqueIdentifier>{67DA6AB6-F800-4c08-8B7A-83BB121AAD01}</UniqueIdentifier>
      <Extensions>rc;ico;cur;bmp;dlg;rc2;rct;bin;rgs;gif;jpg;jpeg;jpe;resx;tiff;tif;png;wav;mfcribbon-ms</Extensions>
    </Filter>
    <Filter Include="Source Files\Game">
      <UniqueIdentifier>{27321e8c-3cd1-487e-b2dc-f2060f671a8e}</UniqueIdentifier>
    </Filter>
    <Filter Include="Source Files\Render">
      <UniqueIdentifier>{d0fb3b74-3d4e-4283-aa0a-fd7c1dbbe40f}</UniqueIdentifier>
    </Filter>
    <Filter Include="Source Files\Network">
      <UniqueIdentifier>{ac32f52e-1348-4c97-8e97-e15103905217}</UniqueIdentifier>
    </Filter>
    <Filter Include="Header Files\Game">
      <UniqueIdentifier>{1e770307-cccb-41a6-9d63-3eb22873dec4}</UniqueIdentifier>
    </Filter>
    <Filter Include="Header Files\Network">
      <UniqueIdentifier>{de4e4d08-1ff0-4ec7-b993-f5b6575ab9c4}</UniqueIdentifier>
    </Filter>
    <Filter Include="Header Files\Render">
      <UniqueIdentifier>{bdc5d93e-61ad-4d88-866c-4f9e28179a63}</UniqueIdentifier>
    </Filter>
  </ItemGroup>
  <ItemGroup>
    <ClCompile Include="main.cpp">
      <Filter>Source Files</Filter>
    </ClCompile>
    <ClCompile Include="Castle.cpp">
      <Filter>Source Files\Game</Filter>
    </ClCompile>
    <ClCompile Include="Enemy.cpp">
      <Filter>Source Files\Game</Filter>
    </ClCompile>
    <ClCompile Include="Game.cpp">
      <Filter>Source Files\Game</Filter>
    </ClCompile>
    <ClCompile Include="GameState.cpp">
      <Filter>Source Files\Game</Filter>
    </ClCompile>
    <ClCompile Include="Gold.cpp">
      <Filter>Source Files\Game</Filter>
    </ClCompile>
    <ClCompile Include="MapTW.cpp">
      <Filter>Source Files\Game</Filter>
    </ClCompile>
    <ClCompile Include="Missile.cpp">
      <Filter>Source Files\Game</Filter>
    </ClCompile>
    <ClCompile Include="PlayerAction.cpp">
      <Filter>Source Files\Game</Filter>
    </ClCompile>
    <ClCompile Include="Turret.cpp">
      <Filter>Source Files\Game</Filter>
    </ClCompile>
    <ClCompile Include="NetworkClient.cpp">
      <Filter>Source Files\Network</Filter>
    </ClCompile>
    <ClCompile Include="RenderCastle.cpp">
      <Filter>Source Files\Render</Filter>
    </ClCompile>
    <ClCompile Include="RenderEnemy.cpp">
      <Filter>Source Files\Render</Filter>
    </ClCompile>
    <ClCompile Include="RenderGold.cpp">
      <Filter>Source Files\Render</Filter>
    </ClCompile>
    <ClCompile Include="RenderMap.cpp">
      <Filter>Source Files\Render</Filter>
    </ClCompile>
    <ClCompile Include="RenderMissile.cpp">
      <Filter>Source Files\Render</Filter>
    </ClCompile>
    <ClCompile Include="RenderTower.cpp">
      <Filter>Source Files\Render</Filter>
    </ClCompile>
    <ClCompile Include="RenderPlayzone.cpp">
      <Filter>Source Files\Render</Filter>
    </ClCompile>
    <ClCompile Include="Global.cpp">
      <Filter>Source Files\Render</Filter>
    </ClCompile>
  </ItemGroup>
  <ItemGroup>
    <None Include="ClassDiagram.cd" />
  </ItemGroup>
  <ItemGroup>
    <ClInclude Include="Global.hpp">
      <Filter>Header Files</Filter>
    </ClInclude>
    <ClInclude Include="Castle.hpp">
      <Filter>Header Files\Game</Filter>
    </ClInclude>
    <ClInclude Include="Enemy.hpp">
      <Filter>Header Files\Game</Filter>
    </ClInclude>
    <ClInclude Include="Game.hpp">
      <Filter>Header Files\Game</Filter>
    </ClInclude>
    <ClInclude Include="GameState.hpp">
      <Filter>Header Files\Game</Filter>
    </ClInclude>
    <ClInclude Include="Gold.hpp">
      <Filter>Header Files\Game</Filter>
    </ClInclude>
    <ClInclude Include="MapTW.hpp">
      <Filter>Header Files\Game</Filter>
    </ClInclude>
    <ClInclude Include="Missile.hpp">
      <Filter>Header Files\Game</Filter>
    </ClInclude>
    <ClInclude Include="Turret.hpp">
      <Filter>Header Files\Game</Filter>
    </ClInclude>
    <ClInclude Include="NetworkClient.hpp">
      <Filter>Header Files\Network</Filter>
    </ClInclude>
    <ClInclude Include="RenderCastle.hpp">
      <Filter>Header Files\Render</Filter>
    </ClInclude>
    <ClInclude Include="RenderEnemy.hpp">
      <Filter>Header Files\Render</Filter>
    </ClInclude>
    <ClInclude Include="RenderGold.hpp">
      <Filter>Header Files\Render</Filter>
    </ClInclude>
    <ClInclude Include="RenderMap.hpp">
      <Filter>Header Files\Render</Filter>
    </ClInclude>
    <ClInclude Include="RenderMissile.hpp">
      <Filter>Header Files\Render</Filter>
    </ClInclude>
    <ClInclude Include="RenderTower.hpp">
      <Filter>Header Files\Render</Filter>
    </ClInclude>
    <ClInclude Include="PlayerAction.hpp">
      <Filter>Header Files\Game</Filter>
    </ClInclude>
    <ClInclude Include="RenderPlayzone.hpp">
      <Filter>Header Files\Render</Filter>
    </ClInclude>
  </ItemGroup>
</Project>